<?xml version="1.0" encoding="utf-8"?>
<Project ToolsVersion="4.0" xmlns="http://schemas.microsoft.com/developer/msbuild/2003">
  <ItemGroup>
    <Filter Include="Source Files">
      <UniqueIdentifier>{4FC737F1-C7A5-4376-A066-2A32D752A2FF}</UniqueIdentifier>
      <Extensions>cpp;c;cc;cxx;def;odl;idl;hpj;bat;asm;asmx</Extensions>
    </Filter>
    <Filter Include="Header Files">
      <UniqueIdentifier>{93995380-89BD-4b04-88EB-625FBE52EBFB}</UniqueIdentifier>
      <Extensions>h;hh;hpp;hxx;hm;inl;inc;xsd</Extensions>
    </Filter>
    <Filter Include="Resource Files">
      <UniqueIdentifier>{67DA6AB6-F800-4c08-8B7A-83BB121AAD01}</UniqueIdentifier>
      <Extensions>rc;ico;cur;bmp;dlg;rc2;rct;bin;rgs;gif;jpg;jpeg;jpe;resx;tiff;tif;png;wav;mfcribbon-ms</Extensions>
    </Filter>
    <Filter Include="Resource Files">
      <UniqueIdentifier>{D9D6E242-F8AF-46E4-B9FD-80ECBC20BA3E}</UniqueIdentifier>
      <Extensions>qrc;*</Extensions>
      <ParseFiles>false</ParseFiles>
    </Filter>
    <Filter Include="Header Files\Views">
      <UniqueIdentifier>{4b32b8e4-01a3-496f-9953-87d80ca650eb}</UniqueIdentifier>
    </Filter>
    <Filter Include="Source Files\Views">
      <UniqueIdentifier>{69c19c59-dee9-45c7-b2d3-1f7880353aae}</UniqueIdentifier>
    </Filter>
    <Filter Include="Header Files\Utils">
      <UniqueIdentifier>{78af9ef2-c5db-469e-8ef8-f768bddf111d}</UniqueIdentifier>
    </Filter>
    <Filter Include="Header Files\Utils\Low-level">
      <UniqueIdentifier>{8a69d674-84c2-4276-a6fe-eba4d52dca92}</UniqueIdentifier>
    </Filter>
    <Filter Include="Source Files\Utils">
      <UniqueIdentifier>{c7d0659b-a80a-48d6-8c0c-3781357322a3}</UniqueIdentifier>
    </Filter>
    <Filter Include="Source Files\Utils\Low-level">
      <UniqueIdentifier>{ae18f8dd-3a1b-44f8-9742-768433d6790f}</UniqueIdentifier>
    </Filter>
    <Filter Include="Header Files\dll">
      <UniqueIdentifier>{9063332c-b30c-42bc-b690-0316e5611a10}</UniqueIdentifier>
    </Filter>
    <Filter Include="Header Files\Models">
      <UniqueIdentifier>{84a8aeff-a18b-471b-9b3c-ddd2366d7bd8}</UniqueIdentifier>
    </Filter>
    <Filter Include="Header Files\Apps">
      <UniqueIdentifier>{177be678-36db-4001-bf4d-6cdf0f4ab042}</UniqueIdentifier>
    </Filter>
    <Filter Include="Source Files\Apps">
      <UniqueIdentifier>{f939329e-ea38-4331-84e5-281fce0fec1c}</UniqueIdentifier>
    </Filter>
  </ItemGroup>
  <ItemGroup>
    <ClCompile Include="Utils\render.cpp">
      <Filter>Source Files\Utils</Filter>
    </ClCompile>
    <ClCompile Include="Views\View.cpp">
      <Filter>Source Files\Views</Filter>
    </ClCompile>
    <ClCompile Include="Apps\Application.cpp">
      <Filter>Source Files\Apps</Filter>
    </ClCompile>
    <ClCompile Include="Utils\Low-level\HttpResponse.cpp">
      <Filter>Source Files\Utils\Low-level</Filter>
    </ClCompile>
    <ClCompile Include="Utils\Low-level\HttpRequest.cpp">
      <Filter>Source Files\Utils\Low-level</Filter>
    </ClCompile>
    <ClCompile Include="Utils\Low-level\TemplateEngine.cpp">
      <Filter>Source Files\Utils\Low-level</Filter>
    </ClCompile>
    <ClCompile Include="Utils\Low-level\Server.cpp">
      <Filter>Source Files\Utils\Low-level</Filter>
    </ClCompile>
    <ClCompile Include="Utils\Low-level\Session.cpp">
      <Filter>Source Files\Utils\Low-level</Filter>
    </ClCompile>
    <ClCompile Include="Utils\generateRandomCSRFToken.cpp">
      <Filter>Source Files\Utils</Filter>
    </ClCompile>
    <ClCompile Include="Project.cpp">
      <Filter>Source Files</Filter>
    </ClCompile>
    <ClCompile Include="Config.cpp">
      <Filter>Source Files</Filter>
    </ClCompile>
  </ItemGroup>
  <ItemGroup>
    <ClInclude Include="Utils\render.h">
      <Filter>Header Files\Utils</Filter>
    </ClInclude>
    <ClInclude Include="dll\ExportDLL.h">
      <Filter>Header Files\dll</Filter>
    </ClInclude>
    <ClInclude Include="Views\View.h">
      <Filter>Header Files\Views</Filter>
    </ClInclude>
    <ClInclude Include="Apps\Application.h">
      <Filter>Header Files\Apps</Filter>
    </ClInclude>
    <ClInclude Include="Utils\Low-level\HttpResponse.h">
      <Filter>Header Files\Utils\Low-level</Filter>
    </ClInclude>
    <ClInclude Include="Utils\Low-level\HttpRequest.h">
      <Filter>Header Files\Utils\Low-level</Filter>
    </ClInclude>
    <ClInclude Include="Utils\Low-level\TemplateEngine.h">
      <Filter>Header Files\Utils\Low-level</Filter>
    </ClInclude>
    <ClInclude Include="Utils\Low-level\Session.h">
      <Filter>Header Files\Utils\Low-level</Filter>
    </ClInclude>
    <ClInclude Include="Utils\generateRandomCSRFToken.h">
      <Filter>Header Files\Utils</Filter>
    </ClInclude>
    <ClInclude Include="Project.h">
      <Filter>Header Files</Filter>
    </ClInclude>
    <ClInclude Include="Config.h">
      <Filter>Header Files</Filter>
    </ClInclude>
  </ItemGroup>
  <ItemGroup>
    <QtMoc Include="Utils\Low-level\Server.h">
      <Filter>Header Files\Utils\Low-level</Filter>
    </QtMoc>
  </ItemGroup>
</Project>